
Microsoft Visual Studio Solution File, Format Version 12.00
# Visual Studio 15
VisualStudioVersion = 15.0.27004.2002
MinimumVisualStudioVersion = 10.0.40219.1
Project("{FAE04EC0-301F-11D3-BF4B-00C04F79EFBC}") = "MLRSingleChannel", "MLRSingleChannel\MLRSingleChannel.csproj", "{D10BA9BD-24C8-410A-8E5B-201C335F5150}"
EndProject
Project("{FAE04EC0-301F-11D3-BF4B-00C04F79EFBC}") = "MLRSingleChannel.Tests", "MLRSingleChannel.Tests\MLRSingleChannel.Tests.csproj", "{FC0F6FEA-20FE-4C77-967A-0FA7E2A89439}"
EndProject
Global
	GlobalSection(SolutionConfigurationPlatforms) = preSolution
		Debug|Any CPU = Debug|Any CPU
		Release|Any CPU = Release|Any CPU
	EndGlobalSection
	GlobalSection(ProjectConfigurationPlatforms) = postSolution
		{D10BA9BD-24C8-410A-8E5B-201C335F5150}.Debug|Any CPU.ActiveCfg = Debug|Any CPU
		{D10BA9BD-24C8-410A-8E5B-201C335F5150}.Debug|Any CPU.Build.0 = Debug|Any CPU
		{D10BA9BD-24C8-410A-8E5B-201C335F5150}.Release|Any CPU.ActiveCfg = Release|Any CPU
		{D10BA9BD-24C8-410A-8E5B-201C335F5150}.Release|Any CPU.Build.0 = Release|Any CPU
		{FC0F6FEA-20FE-4C77-967A-0FA7E2A89439}.Debug|Any CPU.ActiveCfg = Debug|Any CPU
		{FC0F6FEA-20FE-4C77-967A-0FA7E2A89439}.Debug|Any CPU.Build.0 = Debug|Any CPU
		{FC0F6FEA-20FE-4C77-967A-0FA7E2A89439}.Release|Any CPU.ActiveCfg = Release|Any CPU
		{FC0F6FEA-20FE-4C77-967A-0FA7E2A89439}.Release|Any CPU.Build.0 = Release|Any CPU
	EndGlobalSection
	GlobalSection(SolutionProperties) = preSolution
		HideSolutionNode = FALSE
	EndGlobalSection
	GlobalSection(ExtensibilityGlobals) = postSolution
		SolutionGuid = {2C427030-F882-49B1-A2C2-22DE582C0F9C}
	EndGlobalSection
EndGlobal
